
Microsoft Visual Studio Solution File, Format Version 12.00
# Visual Studio Version 17
VisualStudioVersion = 17.1.32421.90
MinimumVisualStudioVersion = 10.0.40219.1
Project("{FAE04EC0-301F-11D3-BF4B-00C04F79EFBC}") = "RngChecker", "RngChecker\RngChecker.csproj", "{08801A14-83B3-4931-93A3-5C8D4E949B8D}"
EndProject
Global
	GlobalSection(SolutionConfigurationPlatforms) = preSolution
		Debug|x64 = Debug|x64
		Release|x64 = Release|x64
	EndGlobalSection
	GlobalSection(ProjectConfigurationPlatforms) = postSolution
		{08801A14-83B3-4931-93A3-5C8D4E949B8D}.Debug|x64.ActiveCfg = Debug|x64
		{08801A14-83B3-4931-93A3-5C8D4E949B8D}.Debug|x64.Build.0 = Debug|x64
		{08801A14-83B3-4931-93A3-5C8D4E949B8D}.Release|x64.ActiveCfg = Release|x64
		{08801A14-83B3-4931-93A3-5C8D4E949B8D}.Release|x64.Build.0 = Release|x64
	EndGlobalSection
	GlobalSection(SolutionProperties) = preSolution
		HideSolutionNode = FALSE
	EndGlobalSection
	GlobalSection(ExtensibilityGlobals) = postSolution
		SolutionGuid = {32DE7A8E-522D-48DB-80DF-52E2ECC0AAE4}
	EndGlobalSection
EndGlobal
